{
  "name": "types-fbp-graph",
  "version": "0.4.2",
  "lockfileVersion": 1,
  "requires": true,
  "dependencies": {
    "@types/node": {
      "version": "13.7.2",
      "resolved": "https://registry.npmjs.org/@types/node/-/node-13.7.2.tgz",
      "integrity": "sha512-uvilvAQbdJvnSBFcKJ2td4016urcGvsiR+N4dHGU87ml8O2Vl6l+ErOi9w0kXSPiwJ1AYlIW+0pDXDWWMOiWbw=="
    },
    "types-fbp-graph": {
      "version": "0.4.1",
      "resolved": "https://registry.npmjs.org/types-fbp-graph/-/types-fbp-graph-0.4.1.tgz",
      "integrity": "sha512-+W+TJWSoo7Io4jSTPvd73WVmDlELTL+N6qmEz4anhWGlC4M6dUwJRpPMos7Wpr2bb5NCr95djJCrXG7lNSXl3w=="
    },
    "types-noflo": {
      "version": "1.1.3",
      "resolved": "https://registry.npmjs.org/types-noflo/-/types-noflo-1.1.3.tgz",
      "integrity": "sha512-RyGJCuhO22fgb+sZOc7nppK5kbfKbRcbC6jmPsgwKxzx1sr5YI79dXidqLr+PNy0Sg6OwjWer147/k4hNukGzQ==",
      "requires": {
        "types-fbp-graph": "^0.4.0"
      }
    }
  }
}
